
Microsoft Visual Studio Solution File, Format Version 12.00
# Visual Studio Version 17
VisualStudioVersion = 17.5.33530.505
MinimumVisualStudioVersion = 10.0.40219.1
Project("{888888A0-9F3D-457C-B088-3A5042F75D52}") = "LR1.1", "LR1.1.pyproj", "{F36BDC2C-D800-4FED-8A4D-A28449856D40}"
EndProject
Global
	GlobalSection(SolutionConfigurationPlatforms) = preSolution
		Debug|Any CPU = Debug|Any CPU
		Release|Any CPU = Release|Any CPU
	EndGlobalSection
	GlobalSection(ProjectConfigurationPlatforms) = postSolution
		{F36BDC2C-D800-4FED-8A4D-A28449856D40}.Debug|Any CPU.ActiveCfg = Debug|Any CPU
		{F36BDC2C-D800-4FED-8A4D-A28449856D40}.Release|Any CPU.ActiveCfg = Release|Any CPU
	EndGlobalSection
	GlobalSection(SolutionProperties) = preSolution
		HideSolutionNode = FALSE
	EndGlobalSection
	GlobalSection(ExtensibilityGlobals) = postSolution
		SolutionGuid = {7F100145-BA59-4B57-9FE0-DD0DAA021E2E}
	EndGlobalSection
EndGlobal
